<?xml version="1.0" encoding="UTF-8"?>
<CodeBlocks_project_file>
	<FileVersion major="1" minor="6"/>
	<Project>
		<Option title="myc"/>
		<Option makefile_is_custom="1"/>
		<Option compiler="gcc"/>
		<Option virtualFolders="CMake Files\;"/>
		<Build>
			<Target title="all">
				<Option working_dir="/Users/sharath.g/code/myc"/>
				<Option type="4"/>
				<MakeCommands>
					<Build command="/usr/bin/make -f &quot;/Users/sharath.g/code/myc/Makefile&quot;  VERBOSE=1 all"/>
					<CompileFile command="/usr/bin/make -f &quot;/Users/sharath.g/code/myc/Makefile&quot;  VERBOSE=1 &quot;$file&quot;"/>
					<Clean command="/usr/bin/make -f &quot;/Users/sharath.g/code/myc/Makefile&quot;  VERBOSE=1 clean"/>
					<DistClean command="/usr/bin/make -f &quot;/Users/sharath.g/code/myc/Makefile&quot;  VERBOSE=1 clean"/>
				</MakeCommands>
			</Target>
			<Target title="rebuild_cache">
				<Option working_dir="/Users/sharath.g/code/myc"/>
				<Option type="4"/>
				<MakeCommands>
					<Build command="/usr/bin/make -f &quot;/Users/sharath.g/code/myc/Makefile&quot;  VERBOSE=1 rebuild_cache"/>
					<CompileFile command="/usr/bin/make -f &quot;/Users/sharath.g/code/myc/Makefile&quot;  VERBOSE=1 &quot;$file&quot;"/>
					<Clean command="/usr/bin/make -f &quot;/Users/sharath.g/code/myc/Makefile&quot;  VERBOSE=1 clean"/>
					<DistClean command="/usr/bin/make -f &quot;/Users/sharath.g/code/myc/Makefile&quot;  VERBOSE=1 clean"/>
				</MakeCommands>
			</Target>
			<Target title="edit_cache">
				<Option working_dir="/Users/sharath.g/code/myc"/>
				<Option type="4"/>
				<MakeCommands>
					<Build command="/usr/bin/make -f &quot;/Users/sharath.g/code/myc/Makefile&quot;  VERBOSE=1 edit_cache"/>
					<CompileFile command="/usr/bin/make -f &quot;/Users/sharath.g/code/myc/Makefile&quot;  VERBOSE=1 &quot;$file&quot;"/>
					<Clean command="/usr/bin/make -f &quot;/Users/sharath.g/code/myc/Makefile&quot;  VERBOSE=1 clean"/>
					<DistClean command="/usr/bin/make -f &quot;/Users/sharath.g/code/myc/Makefile&quot;  VERBOSE=1 clean"/>
				</MakeCommands>
			</Target>
			<Target title="myc">
				<Option output="/Users/sharath.g/code/myc/myc" prefix_auto="0" extension_auto="0"/>
				<Option working_dir="/Users/sharath.g/code/myc"/>
				<Option object_output="./"/>
				<Option type="1"/>
				<Option compiler="gcc"/>
				<Compiler>
					<Add directory="/usr/local/include"/>
				</Compiler>
				<MakeCommands>
					<Build command="/usr/bin/make -f &quot;/Users/sharath.g/code/myc/Makefile&quot;  VERBOSE=1 myc"/>
					<CompileFile command="/usr/bin/make -f &quot;/Users/sharath.g/code/myc/Makefile&quot;  VERBOSE=1 &quot;$file&quot;"/>
					<Clean command="/usr/bin/make -f &quot;/Users/sharath.g/code/myc/Makefile&quot;  VERBOSE=1 clean"/>
					<DistClean command="/usr/bin/make -f &quot;/Users/sharath.g/code/myc/Makefile&quot;  VERBOSE=1 clean"/>
				</MakeCommands>
			</Target>
			<Target title="myc/fast">
				<Option output="/Users/sharath.g/code/myc/myc" prefix_auto="0" extension_auto="0"/>
				<Option working_dir="/Users/sharath.g/code/myc"/>
				<Option object_output="./"/>
				<Option type="1"/>
				<Option compiler="gcc"/>
				<Compiler>
					<Add directory="/usr/local/include"/>
				</Compiler>
				<MakeCommands>
					<Build command="/usr/bin/make -f &quot;/Users/sharath.g/code/myc/Makefile&quot;  VERBOSE=1 myc/fast"/>
					<CompileFile command="/usr/bin/make -f &quot;/Users/sharath.g/code/myc/Makefile&quot;  VERBOSE=1 &quot;$file&quot;"/>
					<Clean command="/usr/bin/make -f &quot;/Users/sharath.g/code/myc/Makefile&quot;  VERBOSE=1 clean"/>
					<DistClean command="/usr/bin/make -f &quot;/Users/sharath.g/code/myc/Makefile&quot;  VERBOSE=1 clean"/>
				</MakeCommands>
			</Target>
		</Build>
		<Unit filename="/Users/sharath.g/code/myc/NioPerfTest.cpp">
			<Option target="myc"/>
		</Unit>
		<Unit filename="/Users/sharath.g/code/myc/conflicts.h">
			<Option target="myc"/>
		</Unit>
		<Unit filename="/Users/sharath.g/code/myc/json.hpp">
			<Option target="myc"/>
		</Unit>
		<Unit filename="/Users/sharath.g/code/myc/latret.cpp">
			<Option target="myc"/>
		</Unit>
		<Unit filename="/Users/sharath.g/code/myc/latret.h">
			<Option target="myc"/>
		</Unit>
		<Unit filename="/Users/sharath.g/code/myc/main.cpp">
			<Option target="myc"/>
		</Unit>
		<Unit filename="/Users/sharath.g/code/myc/CMakeLists.txt">
			<Option virtualFolder="CMake Files\"/>
		</Unit>
		<Unit filename="/Users/sharath.g/code/myc/FindLibevent.cmake">
			<Option virtualFolder="CMake Files\"/>
		</Unit>
		<Unit filename="/Users/sharath.g/code/myc/Findlibev.cmake">
			<Option virtualFolder="CMake Files\"/>
		</Unit>
	</Project>
</CodeBlocks_project_file>
